Microsoft Visual Studio Solution File, Format Version 12.00
# Visual Studio Version 17
VisualStudioVersion = 17.5.2.0
MinimumVisualStudioVersion = 10.0.40219.1
Project("{FAE04EC0-301F-11D3-BF4B-00C04F79EFBC}") = "at40", "at40.csproj", "{70C2AFAE-2177-7E66-064C-508D180AAF01}"
EndProject
Global
	GlobalSection(SolutionConfigurationPlatforms) = preSolution
		Debug|Any CPU = Debug|Any CPU
		Release|Any CPU = Release|Any CPU
	EndGlobalSection
	GlobalSection(ProjectConfigurationPlatforms) = postSolution
		{70C2AFAE-2177-7E66-064C-508D180AAF01}.Debug|Any CPU.ActiveCfg = Debug|Any CPU
		{70C2AFAE-2177-7E66-064C-508D180AAF01}.Debug|Any CPU.Build.0 = Debug|Any CPU
		{70C2AFAE-2177-7E66-064C-508D180AAF01}.Release|Any CPU.ActiveCfg = Release|Any CPU
		{70C2AFAE-2177-7E66-064C-508D180AAF01}.Release|Any CPU.Build.0 = Release|Any CPU
	EndGlobalSection
	GlobalSection(SolutionProperties) = preSolution
		HideSolutionNode = FALSE
	EndGlobalSection
	GlobalSection(ExtensibilityGlobals) = postSolution
		SolutionGuid = {F741EBF6-6E00-46E6-8FA3-1113C145878D}
	EndGlobalSection
EndGlobal
