Microsoft Visual Studio Solution File, Format Version 12.00
# Visual Studio Version 17
VisualStudioVersion = 17.5.2.0
MinimumVisualStudioVersion = 10.0.40219.1
Project("{FAE04EC0-301F-11D3-BF4B-00C04F79EFBC}") = "at41", "at41.csproj", "{9518ECFC-B648-B1A4-A01B-FBD52B76F48D}"
EndProject
Global
	GlobalSection(SolutionConfigurationPlatforms) = preSolution
		Debug|Any CPU = Debug|Any CPU
		Release|Any CPU = Release|Any CPU
	EndGlobalSection
	GlobalSection(ProjectConfigurationPlatforms) = postSolution
		{9518ECFC-B648-B1A4-A01B-FBD52B76F48D}.Debug|Any CPU.ActiveCfg = Debug|Any CPU
		{9518ECFC-B648-B1A4-A01B-FBD52B76F48D}.Debug|Any CPU.Build.0 = Debug|Any CPU
		{9518ECFC-B648-B1A4-A01B-FBD52B76F48D}.Release|Any CPU.ActiveCfg = Release|Any CPU
		{9518ECFC-B648-B1A4-A01B-FBD52B76F48D}.Release|Any CPU.Build.0 = Release|Any CPU
	EndGlobalSection
	GlobalSection(SolutionProperties) = preSolution
		HideSolutionNode = FALSE
	EndGlobalSection
	GlobalSection(ExtensibilityGlobals) = postSolution
		SolutionGuid = {9ECA9A77-AA02-45B2-B37B-22D8862FEAB7}
	EndGlobalSection
EndGlobal
