Microsoft Visual Studio Solution File, Format Version 12.00
# Visual Studio Version 17
VisualStudioVersion = 17.5.2.0
MinimumVisualStudioVersion = 10.0.40219.1
Project("{FAE04EC0-301F-11D3-BF4B-00C04F79EFBC}") = "at33", "at33.csproj", "{5D0A79A7-61FC-C2DE-6ABF-D8E0C072A039}"
EndProject
Global
	GlobalSection(SolutionConfigurationPlatforms) = preSolution
		Debug|Any CPU = Debug|Any CPU
		Release|Any CPU = Release|Any CPU
	EndGlobalSection
	GlobalSection(ProjectConfigurationPlatforms) = postSolution
		{5D0A79A7-61FC-C2DE-6ABF-D8E0C072A039}.Debug|Any CPU.ActiveCfg = Debug|Any CPU
		{5D0A79A7-61FC-C2DE-6ABF-D8E0C072A039}.Debug|Any CPU.Build.0 = Debug|Any CPU
		{5D0A79A7-61FC-C2DE-6ABF-D8E0C072A039}.Release|Any CPU.ActiveCfg = Release|Any CPU
		{5D0A79A7-61FC-C2DE-6ABF-D8E0C072A039}.Release|Any CPU.Build.0 = Release|Any CPU
	EndGlobalSection
	GlobalSection(SolutionProperties) = preSolution
		HideSolutionNode = FALSE
	EndGlobalSection
	GlobalSection(ExtensibilityGlobals) = postSolution
		SolutionGuid = {63E36125-F734-4D49-8F3D-9F09C984227E}
	EndGlobalSection
EndGlobal
