Microsoft Visual Studio Solution File, Format Version 12.00
# Visual Studio Version 17
VisualStudioVersion = 17.5.2.0
MinimumVisualStudioVersion = 10.0.40219.1
Project("{FAE04EC0-301F-11D3-BF4B-00C04F79EFBC}") = "at34.1", "at34.1.csproj", "{97AF4174-DF3D-9717-2F52-964822379F03}"
EndProject
Global
	GlobalSection(SolutionConfigurationPlatforms) = preSolution
		Debug|Any CPU = Debug|Any CPU
		Release|Any CPU = Release|Any CPU
	EndGlobalSection
	GlobalSection(ProjectConfigurationPlatforms) = postSolution
		{97AF4174-DF3D-9717-2F52-964822379F03}.Debug|Any CPU.ActiveCfg = Debug|Any CPU
		{97AF4174-DF3D-9717-2F52-964822379F03}.Debug|Any CPU.Build.0 = Debug|Any CPU
		{97AF4174-DF3D-9717-2F52-964822379F03}.Release|Any CPU.ActiveCfg = Release|Any CPU
		{97AF4174-DF3D-9717-2F52-964822379F03}.Release|Any CPU.Build.0 = Release|Any CPU
	EndGlobalSection
	GlobalSection(SolutionProperties) = preSolution
		HideSolutionNode = FALSE
	EndGlobalSection
	GlobalSection(ExtensibilityGlobals) = postSolution
		SolutionGuid = {9FD2B962-483B-4B9A-9424-AEADCE903D30}
	EndGlobalSection
EndGlobal
