Microsoft Visual Studio Solution File, Format Version 12.00
# Visual Studio Version 17
VisualStudioVersion = 17.5.2.0
MinimumVisualStudioVersion = 10.0.40219.1
Project("{FAE04EC0-301F-11D3-BF4B-00C04F79EFBC}") = "at24", "at24.csproj", "{81B41C21-DC0B-B007-8D33-9663C24AF1EB}"
EndProject
Global
	GlobalSection(SolutionConfigurationPlatforms) = preSolution
		Debug|Any CPU = Debug|Any CPU
		Release|Any CPU = Release|Any CPU
	EndGlobalSection
	GlobalSection(ProjectConfigurationPlatforms) = postSolution
		{81B41C21-DC0B-B007-8D33-9663C24AF1EB}.Debug|Any CPU.ActiveCfg = Debug|Any CPU
		{81B41C21-DC0B-B007-8D33-9663C24AF1EB}.Debug|Any CPU.Build.0 = Debug|Any CPU
		{81B41C21-DC0B-B007-8D33-9663C24AF1EB}.Release|Any CPU.ActiveCfg = Release|Any CPU
		{81B41C21-DC0B-B007-8D33-9663C24AF1EB}.Release|Any CPU.Build.0 = Release|Any CPU
	EndGlobalSection
	GlobalSection(SolutionProperties) = preSolution
		HideSolutionNode = FALSE
	EndGlobalSection
	GlobalSection(ExtensibilityGlobals) = postSolution
		SolutionGuid = {A70B70DF-9447-4E53-B0BF-C86C863E88A6}
	EndGlobalSection
EndGlobal
