Microsoft Visual Studio Solution File, Format Version 12.00
# Visual Studio Version 17
VisualStudioVersion = 17.5.2.0
MinimumVisualStudioVersion = 10.0.40219.1
Project("{FAE04EC0-301F-11D3-BF4B-00C04F79EFBC}") = "at2", "at2.csproj", "{EAC4D356-439B-FA61-21D7-6F0E6E8E2FD3}"
EndProject
Global
	GlobalSection(SolutionConfigurationPlatforms) = preSolution
		Debug|Any CPU = Debug|Any CPU
		Release|Any CPU = Release|Any CPU
	EndGlobalSection
	GlobalSection(ProjectConfigurationPlatforms) = postSolution
		{EAC4D356-439B-FA61-21D7-6F0E6E8E2FD3}.Debug|Any CPU.ActiveCfg = Debug|Any CPU
		{EAC4D356-439B-FA61-21D7-6F0E6E8E2FD3}.Debug|Any CPU.Build.0 = Debug|Any CPU
		{EAC4D356-439B-FA61-21D7-6F0E6E8E2FD3}.Release|Any CPU.ActiveCfg = Release|Any CPU
		{EAC4D356-439B-FA61-21D7-6F0E6E8E2FD3}.Release|Any CPU.Build.0 = Release|Any CPU
	EndGlobalSection
	GlobalSection(SolutionProperties) = preSolution
		HideSolutionNode = FALSE
	EndGlobalSection
	GlobalSection(ExtensibilityGlobals) = postSolution
		SolutionGuid = {B138A0A9-AACC-4167-AFFA-1339A7C4AEAC}
	EndGlobalSection
EndGlobal
