Microsoft Visual Studio Solution File, Format Version 12.00
# Visual Studio Version 17
VisualStudioVersion = 17.5.2.0
MinimumVisualStudioVersion = 10.0.40219.1
Project("{FAE04EC0-301F-11D3-BF4B-00C04F79EFBC}") = "at6", "at6.csproj", "{E1969D20-D169-C431-3AB2-23BE6890F758}"
EndProject
Global
	GlobalSection(SolutionConfigurationPlatforms) = preSolution
		Debug|Any CPU = Debug|Any CPU
		Release|Any CPU = Release|Any CPU
	EndGlobalSection
	GlobalSection(ProjectConfigurationPlatforms) = postSolution
		{E1969D20-D169-C431-3AB2-23BE6890F758}.Debug|Any CPU.ActiveCfg = Debug|Any CPU
		{E1969D20-D169-C431-3AB2-23BE6890F758}.Debug|Any CPU.Build.0 = Debug|Any CPU
		{E1969D20-D169-C431-3AB2-23BE6890F758}.Release|Any CPU.ActiveCfg = Release|Any CPU
		{E1969D20-D169-C431-3AB2-23BE6890F758}.Release|Any CPU.Build.0 = Release|Any CPU
	EndGlobalSection
	GlobalSection(SolutionProperties) = preSolution
		HideSolutionNode = FALSE
	EndGlobalSection
	GlobalSection(ExtensibilityGlobals) = postSolution
		SolutionGuid = {924AB5CF-898B-49B6-A1E4-EB74411FAB02}
	EndGlobalSection
EndGlobal
