Microsoft Visual Studio Solution File, Format Version 12.00
# Visual Studio Version 17
VisualStudioVersion = 17.5.2.0
MinimumVisualStudioVersion = 10.0.40219.1
Project("{FAE04EC0-301F-11D3-BF4B-00C04F79EFBC}") = "at13", "at13.csproj", "{DCB8B8DA-67A7-AB56-7102-A714BB1A3606}"
EndProject
Global
	GlobalSection(SolutionConfigurationPlatforms) = preSolution
		Debug|Any CPU = Debug|Any CPU
		Release|Any CPU = Release|Any CPU
	EndGlobalSection
	GlobalSection(ProjectConfigurationPlatforms) = postSolution
		{DCB8B8DA-67A7-AB56-7102-A714BB1A3606}.Debug|Any CPU.ActiveCfg = Debug|Any CPU
		{DCB8B8DA-67A7-AB56-7102-A714BB1A3606}.Debug|Any CPU.Build.0 = Debug|Any CPU
		{DCB8B8DA-67A7-AB56-7102-A714BB1A3606}.Release|Any CPU.ActiveCfg = Release|Any CPU
		{DCB8B8DA-67A7-AB56-7102-A714BB1A3606}.Release|Any CPU.Build.0 = Release|Any CPU
	EndGlobalSection
	GlobalSection(SolutionProperties) = preSolution
		HideSolutionNode = FALSE
	EndGlobalSection
	GlobalSection(ExtensibilityGlobals) = postSolution
		SolutionGuid = {31753D74-7293-4B7D-B91E-4337C7955C6C}
	EndGlobalSection
EndGlobal
