Microsoft Visual Studio Solution File, Format Version 12.00
# Visual Studio Version 17
VisualStudioVersion = 17.5.2.0
MinimumVisualStudioVersion = 10.0.40219.1
Project("{FAE04EC0-301F-11D3-BF4B-00C04F79EFBC}") = "at3", "at3.csproj", "{B591ADF8-FF9F-C80D-6D1A-7BBF7D72D048}"
EndProject
Global
	GlobalSection(SolutionConfigurationPlatforms) = preSolution
		Debug|Any CPU = Debug|Any CPU
		Release|Any CPU = Release|Any CPU
	EndGlobalSection
	GlobalSection(ProjectConfigurationPlatforms) = postSolution
		{B591ADF8-FF9F-C80D-6D1A-7BBF7D72D048}.Debug|Any CPU.ActiveCfg = Debug|Any CPU
		{B591ADF8-FF9F-C80D-6D1A-7BBF7D72D048}.Debug|Any CPU.Build.0 = Debug|Any CPU
		{B591ADF8-FF9F-C80D-6D1A-7BBF7D72D048}.Release|Any CPU.ActiveCfg = Release|Any CPU
		{B591ADF8-FF9F-C80D-6D1A-7BBF7D72D048}.Release|Any CPU.Build.0 = Release|Any CPU
	EndGlobalSection
	GlobalSection(SolutionProperties) = preSolution
		HideSolutionNode = FALSE
	EndGlobalSection
	GlobalSection(ExtensibilityGlobals) = postSolution
		SolutionGuid = {1ADBA907-255A-4BBB-B5DC-97B842D69837}
	EndGlobalSection
EndGlobal
