Microsoft Visual Studio Solution File, Format Version 12.00
# Visual Studio Version 17
VisualStudioVersion = 17.5.2.0
MinimumVisualStudioVersion = 10.0.40219.1
Project("{FAE04EC0-301F-11D3-BF4B-00C04F79EFBC}") = "teste2", "teste2.csproj", "{B97D4C94-0DC2-8B57-FA6D-A6B1E2DF381C}"
EndProject
Global
	GlobalSection(SolutionConfigurationPlatforms) = preSolution
		Debug|Any CPU = Debug|Any CPU
		Release|Any CPU = Release|Any CPU
	EndGlobalSection
	GlobalSection(ProjectConfigurationPlatforms) = postSolution
		{B97D4C94-0DC2-8B57-FA6D-A6B1E2DF381C}.Debug|Any CPU.ActiveCfg = Debug|Any CPU
		{B97D4C94-0DC2-8B57-FA6D-A6B1E2DF381C}.Debug|Any CPU.Build.0 = Debug|Any CPU
		{B97D4C94-0DC2-8B57-FA6D-A6B1E2DF381C}.Release|Any CPU.ActiveCfg = Release|Any CPU
		{B97D4C94-0DC2-8B57-FA6D-A6B1E2DF381C}.Release|Any CPU.Build.0 = Release|Any CPU
	EndGlobalSection
	GlobalSection(SolutionProperties) = preSolution
		HideSolutionNode = FALSE
	EndGlobalSection
	GlobalSection(ExtensibilityGlobals) = postSolution
		SolutionGuid = {9E7D464D-61CF-484A-BCBF-1514CF754C42}
	EndGlobalSection
EndGlobal
