Microsoft Visual Studio Solution File, Format Version 12.00
# Visual Studio Version 17
VisualStudioVersion = 17.5.2.0
MinimumVisualStudioVersion = 10.0.40219.1
Project("{FAE04EC0-301F-11D3-BF4B-00C04F79EFBC}") = "at9", "at9.csproj", "{A68AF9A0-DF9B-696A-1B92-49DB045A20C1}"
EndProject
Global
	GlobalSection(SolutionConfigurationPlatforms) = preSolution
		Debug|Any CPU = Debug|Any CPU
		Release|Any CPU = Release|Any CPU
	EndGlobalSection
	GlobalSection(ProjectConfigurationPlatforms) = postSolution
		{A68AF9A0-DF9B-696A-1B92-49DB045A20C1}.Debug|Any CPU.ActiveCfg = Debug|Any CPU
		{A68AF9A0-DF9B-696A-1B92-49DB045A20C1}.Debug|Any CPU.Build.0 = Debug|Any CPU
		{A68AF9A0-DF9B-696A-1B92-49DB045A20C1}.Release|Any CPU.ActiveCfg = Release|Any CPU
		{A68AF9A0-DF9B-696A-1B92-49DB045A20C1}.Release|Any CPU.Build.0 = Release|Any CPU
	EndGlobalSection
	GlobalSection(SolutionProperties) = preSolution
		HideSolutionNode = FALSE
	EndGlobalSection
	GlobalSection(ExtensibilityGlobals) = postSolution
		SolutionGuid = {27381833-15B6-4154-81C0-136914E2D5FD}
	EndGlobalSection
EndGlobal
