Microsoft Visual Studio Solution File, Format Version 12.00
# Visual Studio Version 17
VisualStudioVersion = 17.5.2.0
MinimumVisualStudioVersion = 10.0.40219.1
Project("{FAE04EC0-301F-11D3-BF4B-00C04F79EFBC}") = "at38", "at38.csproj", "{C3E58ADD-64DA-A9B3-5F51-552009287B79}"
EndProject
Global
	GlobalSection(SolutionConfigurationPlatforms) = preSolution
		Debug|Any CPU = Debug|Any CPU
		Release|Any CPU = Release|Any CPU
	EndGlobalSection
	GlobalSection(ProjectConfigurationPlatforms) = postSolution
		{C3E58ADD-64DA-A9B3-5F51-552009287B79}.Debug|Any CPU.ActiveCfg = Debug|Any CPU
		{C3E58ADD-64DA-A9B3-5F51-552009287B79}.Debug|Any CPU.Build.0 = Debug|Any CPU
		{C3E58ADD-64DA-A9B3-5F51-552009287B79}.Release|Any CPU.ActiveCfg = Release|Any CPU
		{C3E58ADD-64DA-A9B3-5F51-552009287B79}.Release|Any CPU.Build.0 = Release|Any CPU
	EndGlobalSection
	GlobalSection(SolutionProperties) = preSolution
		HideSolutionNode = FALSE
	EndGlobalSection
	GlobalSection(ExtensibilityGlobals) = postSolution
		SolutionGuid = {3056FDFE-37F6-432F-85E6-B65C33A4B238}
	EndGlobalSection
EndGlobal
