Microsoft Visual Studio Solution File, Format Version 12.00
# Visual Studio Version 17
VisualStudioVersion = 17.5.2.0
MinimumVisualStudioVersion = 10.0.40219.1
Project("{FAE04EC0-301F-11D3-BF4B-00C04F79EFBC}") = "at19", "at19.csproj", "{D78E94AA-716D-A8AC-4196-228DCC612951}"
EndProject
Global
	GlobalSection(SolutionConfigurationPlatforms) = preSolution
		Debug|Any CPU = Debug|Any CPU
		Release|Any CPU = Release|Any CPU
	EndGlobalSection
	GlobalSection(ProjectConfigurationPlatforms) = postSolution
		{D78E94AA-716D-A8AC-4196-228DCC612951}.Debug|Any CPU.ActiveCfg = Debug|Any CPU
		{D78E94AA-716D-A8AC-4196-228DCC612951}.Debug|Any CPU.Build.0 = Debug|Any CPU
		{D78E94AA-716D-A8AC-4196-228DCC612951}.Release|Any CPU.ActiveCfg = Release|Any CPU
		{D78E94AA-716D-A8AC-4196-228DCC612951}.Release|Any CPU.Build.0 = Release|Any CPU
	EndGlobalSection
	GlobalSection(SolutionProperties) = preSolution
		HideSolutionNode = FALSE
	EndGlobalSection
	GlobalSection(ExtensibilityGlobals) = postSolution
		SolutionGuid = {41B8E21F-8767-4B80-8C69-A43A3C9F76CC}
	EndGlobalSection
EndGlobal
