Microsoft Visual Studio Solution File, Format Version 12.00
# Visual Studio Version 17
VisualStudioVersion = 17.5.2.0
MinimumVisualStudioVersion = 10.0.40219.1
Project("{FAE04EC0-301F-11D3-BF4B-00C04F79EFBC}") = "at17", "at17.csproj", "{E19E67E7-6767-A36C-71C5-050B650B6C0B}"
EndProject
Global
	GlobalSection(SolutionConfigurationPlatforms) = preSolution
		Debug|Any CPU = Debug|Any CPU
		Release|Any CPU = Release|Any CPU
	EndGlobalSection
	GlobalSection(ProjectConfigurationPlatforms) = postSolution
		{E19E67E7-6767-A36C-71C5-050B650B6C0B}.Debug|Any CPU.ActiveCfg = Debug|Any CPU
		{E19E67E7-6767-A36C-71C5-050B650B6C0B}.Debug|Any CPU.Build.0 = Debug|Any CPU
		{E19E67E7-6767-A36C-71C5-050B650B6C0B}.Release|Any CPU.ActiveCfg = Release|Any CPU
		{E19E67E7-6767-A36C-71C5-050B650B6C0B}.Release|Any CPU.Build.0 = Release|Any CPU
	EndGlobalSection
	GlobalSection(SolutionProperties) = preSolution
		HideSolutionNode = FALSE
	EndGlobalSection
	GlobalSection(ExtensibilityGlobals) = postSolution
		SolutionGuid = {C0294FF5-4709-4491-A48F-689C4500B1A7}
	EndGlobalSection
EndGlobal
