Microsoft Visual Studio Solution File, Format Version 12.00
# Visual Studio Version 17
VisualStudioVersion = 17.5.2.0
MinimumVisualStudioVersion = 10.0.40219.1
Project("{FAE04EC0-301F-11D3-BF4B-00C04F79EFBC}") = "at44", "at44.csproj", "{D376B6A0-52AC-E2E5-17DC-C0FAE5285B07}"
EndProject
Global
	GlobalSection(SolutionConfigurationPlatforms) = preSolution
		Debug|Any CPU = Debug|Any CPU
		Release|Any CPU = Release|Any CPU
	EndGlobalSection
	GlobalSection(ProjectConfigurationPlatforms) = postSolution
		{D376B6A0-52AC-E2E5-17DC-C0FAE5285B07}.Debug|Any CPU.ActiveCfg = Debug|Any CPU
		{D376B6A0-52AC-E2E5-17DC-C0FAE5285B07}.Debug|Any CPU.Build.0 = Debug|Any CPU
		{D376B6A0-52AC-E2E5-17DC-C0FAE5285B07}.Release|Any CPU.ActiveCfg = Release|Any CPU
		{D376B6A0-52AC-E2E5-17DC-C0FAE5285B07}.Release|Any CPU.Build.0 = Release|Any CPU
	EndGlobalSection
	GlobalSection(SolutionProperties) = preSolution
		HideSolutionNode = FALSE
	EndGlobalSection
	GlobalSection(ExtensibilityGlobals) = postSolution
		SolutionGuid = {D3682B0A-D42D-4411-8A12-B8DC35ADCBD5}
	EndGlobalSection
EndGlobal
